
Microsoft Visual Studio Solution File, Format Version 12.00
# Visual Studio Version 17
VisualStudioVersion = 17.13.35919.96 d17.13
MinimumVisualStudioVersion = 10.0.40219.1
Project("{FAE04EC0-301F-11D3-BF4B-00C04F79EFBC}") = "tik-tak-toe-server", "tik-tak-toe-server.csproj", "{05EB2AF4-E204-4307-86A4-02446D7E192A}"
EndProject
Global
	GlobalSection(SolutionConfigurationPlatforms) = preSolution
		Debug|Any CPU = Debug|Any CPU
		Release|Any CPU = Release|Any CPU
	EndGlobalSection
	GlobalSection(ProjectConfigurationPlatforms) = postSolution
		{05EB2AF4-E204-4307-86A4-02446D7E192A}.Debug|Any CPU.ActiveCfg = Debug|Any CPU
		{05EB2AF4-E204-4307-86A4-02446D7E192A}.Debug|Any CPU.Build.0 = Debug|Any CPU
		{05EB2AF4-E204-4307-86A4-02446D7E192A}.Release|Any CPU.ActiveCfg = Release|Any CPU
		{05EB2AF4-E204-4307-86A4-02446D7E192A}.Release|Any CPU.Build.0 = Release|Any CPU
	EndGlobalSection
	GlobalSection(SolutionProperties) = preSolution
		HideSolutionNode = FALSE
	EndGlobalSection
	GlobalSection(ExtensibilityGlobals) = postSolution
		SolutionGuid = {C9A12FA8-D748-4432-A975-0B89B1C1CEE2}
	EndGlobalSection
EndGlobal
